
Microsoft Visual Studio Solution File, Format Version 12.00
# Visual Studio 15
VisualStudioVersion = 15.0.27428.2037
MinimumVisualStudioVersion = 10.0.40219.1
Project("{F184B08F-C81C-45F6-A57F-5ABD9991F28F}") = "LibRasBook", "LibRasBook\LibRasBook.vbproj", "{108D1D91-B2C7-4EC8-BB21-6D77621E09FC}"
EndProject
Project("{F184B08F-C81C-45F6-A57F-5ABD9991F28F}") = "LibM5DriverInstall", "LibM5DriverInstall\LibM5DriverInstall.vbproj", "{BBDAC0CA-C4E0-4FF5-9AF1-1C5FCAB6678F}"
EndProject
Project("{F184B08F-C81C-45F6-A57F-5ABD9991F28F}") = "M5DriverInstall", "M5DriverInstall\M5DriverInstall.vbproj", "{8BE757F3-78D1-4620-9DA6-FB2FAED40DD3}"
EndProject
Project("{F184B08F-C81C-45F6-A57F-5ABD9991F28F}") = "LibPaths", "LibPaths\LibPaths.vbproj", "{41A0FAED-2606-4D7B-9CA9-84EFD5AFBF7B}"
EndProject
Project("{F184B08F-C81C-45F6-A57F-5ABD9991F28F}") = "LibProxy", "LibProxy\LibProxy.vbproj", "{8A2389C5-98FC-4F38-870F-2E52FB96646E}"
EndProject
Project("{F184B08F-C81C-45F6-A57F-5ABD9991F28F}") = "LibM5Ftdi", "LibFTDI\LibM5Ftdi\LibM5Ftdi.vbproj", "{8F5FEE24-8D24-4D1D-A9CF-EE41DB0644A6}"
EndProject
Global
	GlobalSection(SolutionConfigurationPlatforms) = preSolution
		Debug|Any CPU = Debug|Any CPU
		PRO|Any CPU = PRO|Any CPU
		Release|Any CPU = Release|Any CPU
		USR|Any CPU = USR|Any CPU
	EndGlobalSection
	GlobalSection(ProjectConfigurationPlatforms) = postSolution
		{108D1D91-B2C7-4EC8-BB21-6D77621E09FC}.Debug|Any CPU.ActiveCfg = Debug|Any CPU
		{108D1D91-B2C7-4EC8-BB21-6D77621E09FC}.Debug|Any CPU.Build.0 = Debug|Any CPU
		{108D1D91-B2C7-4EC8-BB21-6D77621E09FC}.PRO|Any CPU.ActiveCfg = PRO|Any CPU
		{108D1D91-B2C7-4EC8-BB21-6D77621E09FC}.PRO|Any CPU.Build.0 = PRO|Any CPU
		{108D1D91-B2C7-4EC8-BB21-6D77621E09FC}.Release|Any CPU.ActiveCfg = Release|Any CPU
		{108D1D91-B2C7-4EC8-BB21-6D77621E09FC}.Release|Any CPU.Build.0 = Release|Any CPU
		{108D1D91-B2C7-4EC8-BB21-6D77621E09FC}.USR|Any CPU.ActiveCfg = USR|Any CPU
		{108D1D91-B2C7-4EC8-BB21-6D77621E09FC}.USR|Any CPU.Build.0 = USR|Any CPU
		{BBDAC0CA-C4E0-4FF5-9AF1-1C5FCAB6678F}.Debug|Any CPU.ActiveCfg = Debug|Any CPU
		{BBDAC0CA-C4E0-4FF5-9AF1-1C5FCAB6678F}.Debug|Any CPU.Build.0 = Debug|Any CPU
		{BBDAC0CA-C4E0-4FF5-9AF1-1C5FCAB6678F}.PRO|Any CPU.ActiveCfg = PRO|Any CPU
		{BBDAC0CA-C4E0-4FF5-9AF1-1C5FCAB6678F}.PRO|Any CPU.Build.0 = PRO|Any CPU
		{BBDAC0CA-C4E0-4FF5-9AF1-1C5FCAB6678F}.Release|Any CPU.ActiveCfg = Release|Any CPU
		{BBDAC0CA-C4E0-4FF5-9AF1-1C5FCAB6678F}.Release|Any CPU.Build.0 = Release|Any CPU
		{BBDAC0CA-C4E0-4FF5-9AF1-1C5FCAB6678F}.USR|Any CPU.ActiveCfg = USR|Any CPU
		{BBDAC0CA-C4E0-4FF5-9AF1-1C5FCAB6678F}.USR|Any CPU.Build.0 = USR|Any CPU
		{8BE757F3-78D1-4620-9DA6-FB2FAED40DD3}.Debug|Any CPU.ActiveCfg = Debug|Any CPU
		{8BE757F3-78D1-4620-9DA6-FB2FAED40DD3}.Debug|Any CPU.Build.0 = Debug|Any CPU
		{8BE757F3-78D1-4620-9DA6-FB2FAED40DD3}.PRO|Any CPU.ActiveCfg = PRO|Any CPU
		{8BE757F3-78D1-4620-9DA6-FB2FAED40DD3}.PRO|Any CPU.Build.0 = PRO|Any CPU
		{8BE757F3-78D1-4620-9DA6-FB2FAED40DD3}.Release|Any CPU.ActiveCfg = Release|Any CPU
		{8BE757F3-78D1-4620-9DA6-FB2FAED40DD3}.Release|Any CPU.Build.0 = Release|Any CPU
		{8BE757F3-78D1-4620-9DA6-FB2FAED40DD3}.USR|Any CPU.ActiveCfg = USR|Any CPU
		{8BE757F3-78D1-4620-9DA6-FB2FAED40DD3}.USR|Any CPU.Build.0 = USR|Any CPU
		{41A0FAED-2606-4D7B-9CA9-84EFD5AFBF7B}.Debug|Any CPU.ActiveCfg = Debug|Any CPU
		{41A0FAED-2606-4D7B-9CA9-84EFD5AFBF7B}.Debug|Any CPU.Build.0 = Debug|Any CPU
		{41A0FAED-2606-4D7B-9CA9-84EFD5AFBF7B}.PRO|Any CPU.ActiveCfg = PRO|Any CPU
		{41A0FAED-2606-4D7B-9CA9-84EFD5AFBF7B}.PRO|Any CPU.Build.0 = PRO|Any CPU
		{41A0FAED-2606-4D7B-9CA9-84EFD5AFBF7B}.Release|Any CPU.ActiveCfg = Release|Any CPU
		{41A0FAED-2606-4D7B-9CA9-84EFD5AFBF7B}.Release|Any CPU.Build.0 = Release|Any CPU
		{41A0FAED-2606-4D7B-9CA9-84EFD5AFBF7B}.USR|Any CPU.ActiveCfg = USR|Any CPU
		{41A0FAED-2606-4D7B-9CA9-84EFD5AFBF7B}.USR|Any CPU.Build.0 = USR|Any CPU
		{8A2389C5-98FC-4F38-870F-2E52FB96646E}.Debug|Any CPU.ActiveCfg = Debug|Any CPU
		{8A2389C5-98FC-4F38-870F-2E52FB96646E}.Debug|Any CPU.Build.0 = Debug|Any CPU
		{8A2389C5-98FC-4F38-870F-2E52FB96646E}.PRO|Any CPU.ActiveCfg = Release|Any CPU
		{8A2389C5-98FC-4F38-870F-2E52FB96646E}.PRO|Any CPU.Build.0 = Release|Any CPU
		{8A2389C5-98FC-4F38-870F-2E52FB96646E}.Release|Any CPU.ActiveCfg = Release|Any CPU
		{8A2389C5-98FC-4F38-870F-2E52FB96646E}.Release|Any CPU.Build.0 = Release|Any CPU
		{8A2389C5-98FC-4F38-870F-2E52FB96646E}.USR|Any CPU.ActiveCfg = Release|Any CPU
		{8A2389C5-98FC-4F38-870F-2E52FB96646E}.USR|Any CPU.Build.0 = Release|Any CPU
		{8F5FEE24-8D24-4D1D-A9CF-EE41DB0644A6}.Debug|Any CPU.ActiveCfg = Debug|Any CPU
		{8F5FEE24-8D24-4D1D-A9CF-EE41DB0644A6}.Debug|Any CPU.Build.0 = Debug|Any CPU
		{8F5FEE24-8D24-4D1D-A9CF-EE41DB0644A6}.PRO|Any CPU.ActiveCfg = Release|Any CPU
		{8F5FEE24-8D24-4D1D-A9CF-EE41DB0644A6}.PRO|Any CPU.Build.0 = Release|Any CPU
		{8F5FEE24-8D24-4D1D-A9CF-EE41DB0644A6}.Release|Any CPU.ActiveCfg = Release|Any CPU
		{8F5FEE24-8D24-4D1D-A9CF-EE41DB0644A6}.Release|Any CPU.Build.0 = Release|Any CPU
		{8F5FEE24-8D24-4D1D-A9CF-EE41DB0644A6}.USR|Any CPU.ActiveCfg = Release|Any CPU
		{8F5FEE24-8D24-4D1D-A9CF-EE41DB0644A6}.USR|Any CPU.Build.0 = Release|Any CPU
	EndGlobalSection
	GlobalSection(SolutionProperties) = preSolution
		HideSolutionNode = FALSE
	EndGlobalSection
	GlobalSection(ExtensibilityGlobals) = postSolution
		SolutionGuid = {74504909-315D-4290-9E6F-358F487E5DB1}
	EndGlobalSection
EndGlobal
